
Microsoft Visual Studio Solution File, Format Version 12.00
# Visual Studio Version 17
VisualStudioVersion = 17.4.33403.182
MinimumVisualStudioVersion = 10.0.40219.1
Project("{9A19103F-16F7-4668-BE54-9A1E7A4F7556}") = "Store444", "Store444.csproj", "{50634BC9-E366-4AC7-B9A2-F7A59EBF36C1}"
EndProject
Global
	GlobalSection(SolutionConfigurationPlatforms) = preSolution
		Debug|Any CPU = Debug|Any CPU
		Release|Any CPU = Release|Any CPU
	EndGlobalSection
	GlobalSection(ProjectConfigurationPlatforms) = postSolution
		{50634BC9-E366-4AC7-B9A2-F7A59EBF36C1}.Debug|Any CPU.ActiveCfg = Debug|Any CPU
		{50634BC9-E366-4AC7-B9A2-F7A59EBF36C1}.Debug|Any CPU.Build.0 = Debug|Any CPU
		{50634BC9-E366-4AC7-B9A2-F7A59EBF36C1}.Release|Any CPU.ActiveCfg = Release|Any CPU
		{50634BC9-E366-4AC7-B9A2-F7A59EBF36C1}.Release|Any CPU.Build.0 = Release|Any CPU
	EndGlobalSection
	GlobalSection(SolutionProperties) = preSolution
		HideSolutionNode = FALSE
	EndGlobalSection
	GlobalSection(ExtensibilityGlobals) = postSolution
		SolutionGuid = {A947F32E-A04E-4D39-8DB3-99D41257AA4E}
	EndGlobalSection
EndGlobal
